{
  "nodes": {
    "fil": {
      "inputs": {
        "flake-utils": "flake-utils",
        "nixpkgs": "nixpkgs"
      },
      "locked": {
        "lastModified": 1678836151,
        "narHash": "sha256-u6AEVlouKdtbI1VUdlHHGCqKUFq9Ys1npZRNM54A8Fw=",
        "owner": "FreeYourSoul",
        "repo": "FiL",
        "rev": "60fd47ab67de2eca8cc690df389e5d4cf62f6bd1",
        "type": "github"
      },
      "original": {
        "owner": "FreeYourSoul",
        "repo": "FiL",
        "type": "github"
      }
    },
    "flake-utils": {
      "locked": {
        "lastModified": 1676283394,
        "narHash": "sha256-XX2f9c3iySLCw54rJ/CZs+ZK6IQy7GXNY4nSOyu2QG4=",
        "owner": "numtide",
        "repo": "flake-utils",
        "rev": "3db36a8b464d0c4532ba1c7dda728f4576d6d073",
        "type": "github"
      },
      "original": {
        "owner": "numtide",
        "repo": "flake-utils",
        "type": "github"
      }
    },
    "flake-utils_2": {
      "locked": {
        "lastModified": 1676283394,
        "narHash": "sha256-XX2f9c3iySLCw54rJ/CZs+ZK6IQy7GXNY4nSOyu2QG4=",
        "owner": "numtide",
        "repo": "flake-utils",
        "rev": "3db36a8b464d0c4532ba1c7dda728f4576d6d073",
        "type": "github"
      },
      "original": {
        "owner": "numtide",
        "repo": "flake-utils",
        "type": "github"
      }
    },
    "nixpkgs": {
      "locked": {
        "lastModified": 1678812648,
        "narHash": "sha256-LVh3WIdBcwRyLcYFpRoJYxuGRl7smtlPChWzlBfWIBM=",
        "owner": "NixOS",
        "repo": "nixpkgs",
        "rev": "4f37664ce1be3f1718f55a72c2723705ce1dd0c6",
        "type": "github"
      },
      "original": {
        "owner": "NixOS",
        "repo": "nixpkgs",
        "type": "github"
      }
    },
    "nixpkgs_2": {
      "locked": {
        "lastModified": 1678835836,
        "narHash": "sha256-qExNOJOSPly+iDHv6xcpJ3uo+8U/M6gZFoy9nxRp3/w=",
        "owner": "NixOS",
        "repo": "nixpkgs",
        "rev": "daed54a9d4c287fbf0940510927d23913922fe2e",
        "type": "github"
      },
      "original": {
        "owner": "NixOS",
        "repo": "nixpkgs",
        "type": "github"
      }
    },
    "root": {
      "inputs": {
        "fil": "fil",
        "flake-utils": "flake-utils_2",
        "nixpkgs": "nixpkgs_2"
      }
    }
  },
  "root": "root",
  "version": 7
}
